{
  "object": {
    "pins": [
      {
        "package": "CryptoSwift2",
        "repositoryURL": "https://github.com/luyantao/CryptoSwift.git",
        "state": {
          "branch": null,
          "revision": "7a89f930fc1887e845fd4902f2264d143ab99cab",
          "version": "1.3.11"
        }
      },
      {
        "package": "Datable",
        "repositoryURL": "https://github.com/OperatorFoundation/Datable.git",
        "state": {
          "branch": null,
          "revision": "808ab1b2c021be3d2950ec2c2894cd48d532d592",
          "version": "3.0.3"
        }
      }
    ]
  },
  "version": 1
}
