{
  "object": {
    "pins": [
      {
        "package": "CryptoSwift2",
        "repositoryURL": "https://github.com/luyantao/CryptoSwift.git",
        "state": {
          "branch": null,
          "revision": "7120892e871a22e7bcdcc9c067645aa56caef3b1",
          "version": "1.3.8"
        }
      },
      {
        "package": "Datable",
        "repositoryURL": "https://github.com/OperatorFoundation/Datable.git",
        "state": {
          "branch": null,
          "revision": "1c23f2b72d0d0cf4386fad05f8a5db4b91e8d304",
          "version": "3.0.2"
        }
      }
    ]
  },
  "version": 1
}
